
Microsoft Visual Studio Solution File, Format Version 12.00
# Visual Studio Version 16
VisualStudioVersion = 16.0.30225.117
MinimumVisualStudioVersion = 10.0.40219.1
Project("{FAE04EC0-301F-11D3-BF4B-00C04F79EFBC}") = "CoronaSimulator", "CoronaSimulator\CoronaSimulator.csproj", "{73A7AB48-1A62-45DC-B470-2B3F43C468A8}"
EndProject
Global
	GlobalSection(SolutionConfigurationPlatforms) = preSolution
		Debug|Any CPU = Debug|Any CPU
		Release|Any CPU = Release|Any CPU
	EndGlobalSection
	GlobalSection(ProjectConfigurationPlatforms) = postSolution
		{73A7AB48-1A62-45DC-B470-2B3F43C468A8}.Debug|Any CPU.ActiveCfg = Debug|Any CPU
		{73A7AB48-1A62-45DC-B470-2B3F43C468A8}.Debug|Any CPU.Build.0 = Debug|Any CPU
		{73A7AB48-1A62-45DC-B470-2B3F43C468A8}.Release|Any CPU.ActiveCfg = Release|Any CPU
		{73A7AB48-1A62-45DC-B470-2B3F43C468A8}.Release|Any CPU.Build.0 = Release|Any CPU
	EndGlobalSection
	GlobalSection(SolutionProperties) = preSolution
		HideSolutionNode = FALSE
	EndGlobalSection
	GlobalSection(ExtensibilityGlobals) = postSolution
		SolutionGuid = {DFFF7617-2409-4AC4-9129-C97EC6D94576}
	EndGlobalSection
EndGlobal
